{
  "name": "@jenkins-cd/blueocean-extension-points",
  "version": "1.0.0",
  "lockfileVersion": 1,
  "requires": true,
  "dependencies": {
    "@jenkins-cd/es-extensions": {
      "version": "0.5.0",
      "resolved": "https://registry.npmjs.org/@jenkins-cd/es-extensions/-/es-extensions-0.5.0.tgz",
      "integrity": "sha512-6b286mJr2QhUIuPwdBTIdVxWzZJbTwe7z+i3g7UX0/qIdcV5q2tocllqetqSgmGsiLl9kPtNhHNgaKq/pO+MJQ=="
    },
    "typescript": {
      "version": "3.1.6",
      "resolved": "https://registry.npmjs.org/typescript/-/typescript-3.1.6.tgz",
      "integrity": "sha512-tDMYfVtvpb96msS1lDX9MEdHrW4yOuZ4Kdc4Him9oU796XldPYF/t2+uKoX0BBa0hXXwDlqYQbXY5Rzjzc5hBA==",
      "dev": true
    }
  }
}
