{
  "name": "jenkins-bootstrap",
  "version": "1.0.0",
  "dependencies": {
    "abbrev": {
      "version": "1.0.7",
      "from": "abbrev@>=1.0.0 <2.0.0",
      "resolved": "https://registry.npmjs.org/abbrev/-/abbrev-1.0.7.tgz"
    },
    "amdefine": {
      "version": "1.0.0",
      "from": "amdefine@>=0.0.4",
      "resolved": "https://registry.npmjs.org/amdefine/-/amdefine-1.0.0.tgz"
    },
    "ansi-regex": {
      "version": "1.1.1",
      "from": "ansi-regex@>=1.1.0 <2.0.0",
      "resolved": "https://registry.npmjs.org/ansi-regex/-/ansi-regex-1.1.1.tgz"
    },
    "ansi-styles": {
      "version": "2.2.0",
      "from": "ansi-styles@>=2.0.1 <3.0.0",
      "resolved": "https://registry.npmjs.org/ansi-styles/-/ansi-styles-2.2.0.tgz"
    },
    "argparse": {
      "version": "0.1.16",
      "from": "argparse@>=0.1.11 <0.2.0",
      "resolved": "https://registry.npmjs.org/argparse/-/argparse-0.1.16.tgz",
      "dependencies": {
        "underscore.string": {
          "version": "2.4.0",
          "from": "underscore.string@>=2.4.0 <2.5.0",
          "resolved": "https://registry.npmjs.org/underscore.string/-/underscore.string-2.4.0.tgz"
        }
      }
    },
    "array-differ": {
      "version": "1.0.0",
      "from": "array-differ@>=1.0.0 <2.0.0",
      "resolved": "https://registry.npmjs.org/array-differ/-/array-differ-1.0.0.tgz"
    },
    "array-union": {
      "version": "1.0.1",
      "from": "array-union@>=1.0.1 <2.0.0",
      "resolved": "https://registry.npmjs.org/array-union/-/array-union-1.0.1.tgz"
    },
    "array-uniq": {
      "version": "1.0.2",
      "from": "array-uniq@>=1.0.1 <2.0.0",
      "resolved": "https://registry.npmjs.org/array-uniq/-/array-uniq-1.0.2.tgz"
    },
    "arrify": {
      "version": "1.0.1",
      "from": "arrify@>=1.0.0 <2.0.0",
      "resolved": "https://registry.npmjs.org/arrify/-/arrify-1.0.1.tgz"
    },
    "asap": {
      "version": "1.0.0",
      "from": "asap@>=1.0.0 <1.1.0",
      "resolved": "https://registry.npmjs.org/asap/-/asap-1.0.0.tgz"
    },
    "asn1": {
      "version": "0.2.3",
      "from": "asn1@>=0.2.3 <0.3.0",
      "resolved": "https://registry.npmjs.org/asn1/-/asn1-0.2.3.tgz"
    },
    "assert-plus": {
      "version": "0.2.0",
      "from": "assert-plus@>=0.2.0 <0.3.0",
      "resolved": "https://registry.npmjs.org/assert-plus/-/assert-plus-0.2.0.tgz"
    },
    "async": {
      "version": "0.1.22",
      "from": "async@>=0.1.22 <0.2.0",
      "resolved": "https://registry.npmjs.org/async/-/async-0.1.22.tgz"
    },
    "autoprefixer-core": {
      "version": "5.2.1",
      "from": "autoprefixer-core@>=5.1.7 <6.0.0",
      "resolved": "https://registry.npmjs.org/autoprefixer-core/-/autoprefixer-core-5.2.1.tgz"
    },
    "aws-sign2": {
      "version": "0.6.0",
      "from": "aws-sign2@>=0.6.0 <0.7.0",
      "resolved": "https://registry.npmjs.org/aws-sign2/-/aws-sign2-0.6.0.tgz"
    },
    "aws4": {
      "version": "1.3.2",
      "from": "aws4@>=1.2.1 <2.0.0",
      "resolved": "https://registry.npmjs.org/aws4/-/aws4-1.3.2.tgz",
      "dependencies": {
        "lru-cache": {
          "version": "4.0.0",
          "from": "lru-cache@>=4.0.0 <5.0.0",
          "resolved": "https://registry.npmjs.org/lru-cache/-/lru-cache-4.0.0.tgz"
        }
      }
    },
    "balanced-match": {
      "version": "0.3.0",
      "from": "balanced-match@>=0.3.0 <0.4.0",
      "resolved": "https://registry.npmjs.org/balanced-match/-/balanced-match-0.3.0.tgz"
    },
    "bl": {
      "version": "1.0.3",
      "from": "bl@>=1.0.0 <1.1.0",
      "resolved": "https://registry.npmjs.org/bl/-/bl-1.0.3.tgz"
    },
    "boom": {
      "version": "2.10.1",
      "from": "boom@>=2.0.0 <3.0.0",
      "resolved": "https://registry.npmjs.org/boom/-/boom-2.10.1.tgz"
    },
    "brace-expansion": {
      "version": "1.1.3",
      "from": "brace-expansion@>=1.0.0 <2.0.0",
      "resolved": "https://registry.npmjs.org/brace-expansion/-/brace-expansion-1.1.3.tgz"
    },
    "browserslist": {
      "version": "0.4.0",
      "from": "browserslist@>=0.4.0 <0.5.0",
      "resolved": "https://registry.npmjs.org/browserslist/-/browserslist-0.4.0.tgz"
    },
    "caniuse-db": {
      "version": "1.0.30000414",
      "from": "caniuse-db@>=1.0.30000214 <2.0.0",
      "resolved": "https://registry.npmjs.org/caniuse-db/-/caniuse-db-1.0.30000414.tgz"
    },
    "caseless": {
      "version": "0.11.0",
      "from": "caseless@>=0.11.0 <0.12.0",
      "resolved": "https://registry.npmjs.org/caseless/-/caseless-0.11.0.tgz"
    },
    "chalk": {
      "version": "1.0.0",
      "from": "chalk@>=1.0.0 <1.1.0",
      "resolved": "https://registry.npmjs.org/chalk/-/chalk-1.0.0.tgz"
    },
    "coffee-script": {
      "version": "1.3.3",
      "from": "coffee-script@>=1.3.3 <1.4.0",
      "resolved": "https://registry.npmjs.org/coffee-script/-/coffee-script-1.3.3.tgz"
    },
    "color-convert": {
      "version": "1.0.0",
      "from": "color-convert@>=1.0.0 <2.0.0",
      "resolved": "https://registry.npmjs.org/color-convert/-/color-convert-1.0.0.tgz"
    },
    "colors": {
      "version": "0.6.2",
      "from": "colors@>=0.6.2 <0.7.0",
      "resolved": "https://registry.npmjs.org/colors/-/colors-0.6.2.tgz"
    },
    "combined-stream": {
      "version": "1.0.5",
      "from": "combined-stream@>=1.0.5 <1.1.0",
      "resolved": "https://registry.npmjs.org/combined-stream/-/combined-stream-1.0.5.tgz"
    },
    "commander": {
      "version": "2.9.0",
      "from": "commander@>=2.9.0 <3.0.0",
      "resolved": "https://registry.npmjs.org/commander/-/commander-2.9.0.tgz"
    },
    "concat-map": {
      "version": "0.0.1",
      "from": "concat-map@0.0.1",
      "resolved": "https://registry.npmjs.org/concat-map/-/concat-map-0.0.1.tgz"
    },
    "core-util-is": {
      "version": "1.0.2",
      "from": "core-util-is@>=1.0.0 <1.1.0",
      "resolved": "https://registry.npmjs.org/core-util-is/-/core-util-is-1.0.2.tgz"
    },
    "cryptiles": {
      "version": "2.0.5",
      "from": "cryptiles@>=2.0.0 <3.0.0",
      "resolved": "https://registry.npmjs.org/cryptiles/-/cryptiles-2.0.5.tgz"
    },
    "dashdash": {
      "version": "1.13.0",
      "from": "dashdash@>=1.10.1 <2.0.0",
      "resolved": "https://registry.npmjs.org/dashdash/-/dashdash-1.13.0.tgz",
      "dependencies": {
        "assert-plus": {
          "version": "1.0.0",
          "from": "assert-plus@>=1.0.0 <2.0.0",
          "resolved": "https://registry.npmjs.org/assert-plus/-/assert-plus-1.0.0.tgz"
        }
      }
    },
    "date-time": {
      "version": "1.0.0",
      "from": "date-time@>=1.0.0 <2.0.0",
      "resolved": "https://registry.npmjs.org/date-time/-/date-time-1.0.0.tgz"
    },
    "dateformat": {
      "version": "1.0.2-1.2.3",
      "from": "dateformat@1.0.2-1.2.3",
      "resolved": "https://registry.npmjs.org/dateformat/-/dateformat-1.0.2-1.2.3.tgz"
    },
    "debug": {
      "version": "0.7.4",
      "from": "debug@>=0.7.0 <0.8.0",
      "resolved": "https://registry.npmjs.org/debug/-/debug-0.7.4.tgz"
    },
    "delayed-stream": {
      "version": "1.0.0",
      "from": "delayed-stream@>=1.0.0 <1.1.0",
      "resolved": "https://registry.npmjs.org/delayed-stream/-/delayed-stream-1.0.0.tgz"
    },
    "diff": {
      "version": "1.3.2",
      "from": "diff@>=1.3.0 <1.4.0",
      "resolved": "https://registry.npmjs.org/diff/-/diff-1.3.2.tgz"
    },
    "ecc-jsbn": {
      "version": "0.1.1",
      "from": "ecc-jsbn@>=0.0.1 <1.0.0",
      "resolved": "https://registry.npmjs.org/ecc-jsbn/-/ecc-jsbn-0.1.1.tgz"
    },
    "errno": {
      "version": "0.1.4",
      "from": "errno@>=0.1.1 <0.2.0",
      "resolved": "https://registry.npmjs.org/errno/-/errno-0.1.4.tgz"
    },
    "es6-promise": {
      "version": "2.3.0",
      "from": "es6-promise@>=2.3.0 <2.4.0",
      "resolved": "https://registry.npmjs.org/es6-promise/-/es6-promise-2.3.0.tgz"
    },
    "escape-string-regexp": {
      "version": "1.0.5",
      "from": "escape-string-regexp@>=1.0.2 <2.0.0",
      "resolved": "https://registry.npmjs.org/escape-string-regexp/-/escape-string-regexp-1.0.5.tgz"
    },
    "esprima": {
      "version": "1.0.4",
      "from": "esprima@>=1.0.2 <1.1.0",
      "resolved": "https://registry.npmjs.org/esprima/-/esprima-1.0.4.tgz"
    },
    "eventemitter2": {
      "version": "0.4.14",
      "from": "eventemitter2@>=0.4.13 <0.5.0",
      "resolved": "https://registry.npmjs.org/eventemitter2/-/eventemitter2-0.4.14.tgz"
    },
    "exit": {
      "version": "0.1.2",
      "from": "exit@>=0.1.1 <0.2.0",
      "resolved": "https://registry.npmjs.org/exit/-/exit-0.1.2.tgz"
    },
    "extend": {
      "version": "3.0.0",
      "from": "extend@>=3.0.0 <3.1.0",
      "resolved": "https://registry.npmjs.org/extend/-/extend-3.0.0.tgz"
    },
    "extsprintf": {
      "version": "1.0.2",
      "from": "extsprintf@1.0.2",
      "resolved": "https://registry.npmjs.org/extsprintf/-/extsprintf-1.0.2.tgz"
    },
    "faye-websocket": {
      "version": "0.4.4",
      "from": "faye-websocket@>=0.4.3 <0.5.0",
      "resolved": "https://registry.npmjs.org/faye-websocket/-/faye-websocket-0.4.4.tgz"
    },
    "figures": {
      "version": "1.4.0",
      "from": "figures@>=1.0.0 <2.0.0",
      "resolved": "https://registry.npmjs.org/figures/-/figures-1.4.0.tgz"
    },
    "file-sync-cmp": {
      "version": "0.1.1",
      "from": "file-sync-cmp@>=0.1.0 <0.2.0",
      "resolved": "https://registry.npmjs.org/file-sync-cmp/-/file-sync-cmp-0.1.1.tgz"
    },
    "find-up": {
      "version": "1.1.0",
      "from": "find-up@>=1.0.0 <2.0.0",
      "resolved": "https://registry.npmjs.org/find-up/-/find-up-1.1.0.tgz"
    },
    "findup-sync": {
      "version": "0.1.3",
      "from": "findup-sync@>=0.1.2 <0.2.0",
      "resolved": "https://registry.npmjs.org/findup-sync/-/findup-sync-0.1.3.tgz",
      "dependencies": {
        "glob": {
          "version": "3.2.11",
          "from": "glob@>=3.2.9 <3.3.0",
          "resolved": "https://registry.npmjs.org/glob/-/glob-3.2.11.tgz"
        },
        "lodash": {
          "version": "2.4.2",
          "from": "lodash@>=2.4.1 <2.5.0",
          "resolved": "https://registry.npmjs.org/lodash/-/lodash-2.4.2.tgz"
        },
        "minimatch": {
          "version": "0.3.0",
          "from": "minimatch@>=0.3.0 <0.4.0",
          "resolved": "https://registry.npmjs.org/minimatch/-/minimatch-0.3.0.tgz"
        }
      }
    },
    "forever-agent": {
      "version": "0.6.1",
      "from": "forever-agent@>=0.6.1 <0.7.0",
      "resolved": "https://registry.npmjs.org/forever-agent/-/forever-agent-0.6.1.tgz"
    },
    "form-data": {
      "version": "1.0.0-rc3",
      "from": "form-data@>=1.0.0-rc3 <1.1.0",
      "resolved": "https://registry.npmjs.org/form-data/-/form-data-1.0.0-rc3.tgz",
      "dependencies": {
        "async": {
          "version": "1.5.2",
          "from": "async@>=1.4.0 <2.0.0",
          "resolved": "https://registry.npmjs.org/async/-/async-1.5.2.tgz"
        }
      }
    },
    "gaze": {
      "version": "0.5.2",
      "from": "gaze@>=0.5.1 <0.6.0",
      "resolved": "https://registry.npmjs.org/gaze/-/gaze-0.5.2.tgz"
    },
    "generate-function": {
      "version": "2.0.0",
      "from": "generate-function@>=2.0.0 <3.0.0",
      "resolved": "https://registry.npmjs.org/generate-function/-/generate-function-2.0.0.tgz"
    },
    "generate-object-property": {
      "version": "1.2.0",
      "from": "generate-object-property@>=1.1.0 <2.0.0",
      "resolved": "https://registry.npmjs.org/generate-object-property/-/generate-object-property-1.2.0.tgz"
    },
    "get-stdin": {
      "version": "4.0.1",
      "from": "get-stdin@>=4.0.1 <5.0.0",
      "resolved": "https://registry.npmjs.org/get-stdin/-/get-stdin-4.0.1.tgz"
    },
    "getobject": {
      "version": "0.1.0",
      "from": "getobject@>=0.1.0 <0.2.0",
      "resolved": "https://registry.npmjs.org/getobject/-/getobject-0.1.0.tgz"
    },
    "glob": {
      "version": "3.1.21",
      "from": "glob@>=3.1.21 <3.2.0",
      "resolved": "https://registry.npmjs.org/glob/-/glob-3.1.21.tgz",
      "dependencies": {
        "inherits": {
          "version": "1.0.2",
          "from": "inherits@>=1.0.0 <2.0.0",
          "resolved": "https://registry.npmjs.org/inherits/-/inherits-1.0.2.tgz"
        }
      }
    },
    "globule": {
      "version": "0.1.0",
      "from": "globule@>=0.1.0 <0.2.0",
      "resolved": "https://registry.npmjs.org/globule/-/globule-0.1.0.tgz",
      "dependencies": {
        "lodash": {
          "version": "1.0.2",
          "from": "lodash@>=1.0.1 <1.1.0",
          "resolved": "https://registry.npmjs.org/lodash/-/lodash-1.0.2.tgz"
        }
      }
    },
    "graceful-fs": {
      "version": "1.2.3",
      "from": "graceful-fs@>=1.2.0 <1.3.0",
      "resolved": "https://registry.npmjs.org/graceful-fs/-/graceful-fs-1.2.3.tgz"
    },
    "graceful-readlink": {
      "version": "1.0.1",
      "from": "graceful-readlink@>=1.0.0",
      "resolved": "https://registry.npmjs.org/graceful-readlink/-/graceful-readlink-1.0.1.tgz"
    },
    "grunt-legacy-log": {
      "version": "0.1.3",
      "from": "grunt-legacy-log@>=0.1.0 <0.2.0",
      "resolved": "https://registry.npmjs.org/grunt-legacy-log/-/grunt-legacy-log-0.1.3.tgz",
      "dependencies": {
        "lodash": {
          "version": "2.4.2",
          "from": "lodash@>=2.4.1 <2.5.0",
          "resolved": "https://registry.npmjs.org/lodash/-/lodash-2.4.2.tgz"
        },
        "underscore.string": {
          "version": "2.3.3",
          "from": "underscore.string@>=2.3.3 <2.4.0",
          "resolved": "https://registry.npmjs.org/underscore.string/-/underscore.string-2.3.3.tgz"
        }
      }
    },
    "grunt-legacy-log-utils": {
      "version": "0.1.1",
      "from": "grunt-legacy-log-utils@>=0.1.1 <0.2.0",
      "resolved": "https://registry.npmjs.org/grunt-legacy-log-utils/-/grunt-legacy-log-utils-0.1.1.tgz",
      "dependencies": {
        "lodash": {
          "version": "2.4.2",
          "from": "lodash@>=2.4.1 <2.5.0",
          "resolved": "https://registry.npmjs.org/lodash/-/lodash-2.4.2.tgz"
        },
        "underscore.string": {
          "version": "2.3.3",
          "from": "underscore.string@>=2.3.3 <2.4.0",
          "resolved": "https://registry.npmjs.org/underscore.string/-/underscore.string-2.3.3.tgz"
        }
      }
    },
    "grunt-legacy-util": {
      "version": "0.2.0",
      "from": "grunt-legacy-util@>=0.2.0 <0.3.0",
      "resolved": "https://registry.npmjs.org/grunt-legacy-util/-/grunt-legacy-util-0.2.0.tgz"
    },
    "har-validator": {
      "version": "2.0.6",
      "from": "har-validator@>=2.0.6 <2.1.0",
      "resolved": "https://registry.npmjs.org/har-validator/-/har-validator-2.0.6.tgz",
      "dependencies": {
        "ansi-regex": {
          "version": "2.0.0",
          "from": "ansi-regex@>=2.0.0 <3.0.0",
          "resolved": "https://registry.npmjs.org/ansi-regex/-/ansi-regex-2.0.0.tgz"
        },
        "chalk": {
          "version": "1.1.1",
          "from": "chalk@>=1.1.1 <2.0.0",
          "resolved": "https://registry.npmjs.org/chalk/-/chalk-1.1.1.tgz"
        },
        "has-ansi": {
          "version": "2.0.0",
          "from": "has-ansi@>=2.0.0 <3.0.0",
          "resolved": "https://registry.npmjs.org/has-ansi/-/has-ansi-2.0.0.tgz"
        },
        "strip-ansi": {
          "version": "3.0.1",
          "from": "strip-ansi@>=3.0.0 <4.0.0",
          "resolved": "https://registry.npmjs.org/strip-ansi/-/strip-ansi-3.0.1.tgz"
        },
        "supports-color": {
          "version": "2.0.0",
          "from": "supports-color@>=2.0.0 <3.0.0",
          "resolved": "https://registry.npmjs.org/supports-color/-/supports-color-2.0.0.tgz"
        }
      }
    },
    "has-ansi": {
      "version": "1.0.3",
      "from": "has-ansi@>=1.0.3 <2.0.0",
      "resolved": "https://registry.npmjs.org/has-ansi/-/has-ansi-1.0.3.tgz"
    },
    "hawk": {
      "version": "3.1.3",
      "from": "hawk@>=3.1.0 <3.2.0",
      "resolved": "https://registry.npmjs.org/hawk/-/hawk-3.1.3.tgz"
    },
    "hoek": {
      "version": "2.16.3",
      "from": "hoek@>=2.0.0 <3.0.0",
      "resolved": "https://registry.npmjs.org/hoek/-/hoek-2.16.3.tgz"
    },
    "hooker": {
      "version": "0.2.3",
      "from": "hooker@>=0.2.3 <0.3.0",
      "resolved": "https://registry.npmjs.org/hooker/-/hooker-0.2.3.tgz"
    },
    "http-signature": {
      "version": "1.1.1",
      "from": "http-signature@>=1.1.0 <1.2.0",
      "resolved": "https://registry.npmjs.org/http-signature/-/http-signature-1.1.1.tgz"
    },
    "iconv-lite": {
      "version": "0.2.11",
      "from": "iconv-lite@>=0.2.11 <0.3.0",
      "resolved": "https://registry.npmjs.org/iconv-lite/-/iconv-lite-0.2.11.tgz"
    },
    "image-size": {
      "version": "0.3.5",
      "from": "image-size@>=0.3.5 <0.4.0",
      "resolved": "https://registry.npmjs.org/image-size/-/image-size-0.3.5.tgz"
    },
    "inflight": {
      "version": "1.0.4",
      "from": "inflight@>=1.0.4 <2.0.0",
      "resolved": "https://registry.npmjs.org/inflight/-/inflight-1.0.4.tgz"
    },
    "inherits": {
      "version": "2.0.1",
      "from": "inherits@>=2.0.0 <3.0.0",
      "resolved": "https://registry.npmjs.org/inherits/-/inherits-2.0.1.tgz"
    },
    "is-finite": {
      "version": "1.0.1",
      "from": "is-finite@>=1.0.1 <2.0.0",
      "resolved": "https://registry.npmjs.org/is-finite/-/is-finite-1.0.1.tgz"
    },
    "is-my-json-valid": {
      "version": "2.13.1",
      "from": "is-my-json-valid@>=2.12.4 <3.0.0",
      "resolved": "https://registry.npmjs.org/is-my-json-valid/-/is-my-json-valid-2.13.1.tgz"
    },
    "is-property": {
      "version": "1.0.2",
      "from": "is-property@>=1.0.0 <2.0.0",
      "resolved": "https://registry.npmjs.org/is-property/-/is-property-1.0.2.tgz"
    },
    "is-typedarray": {
      "version": "1.0.0",
      "from": "is-typedarray@>=1.0.0 <1.1.0",
      "resolved": "https://registry.npmjs.org/is-typedarray/-/is-typedarray-1.0.0.tgz"
    },
    "isarray": {
      "version": "0.0.1",
      "from": "isarray@0.0.1",
      "resolved": "https://registry.npmjs.org/isarray/-/isarray-0.0.1.tgz"
    },
    "isstream": {
      "version": "0.1.2",
      "from": "isstream@>=0.1.2 <0.2.0",
      "resolved": "https://registry.npmjs.org/isstream/-/isstream-0.1.2.tgz"
    },
    "jodid25519": {
      "version": "1.0.2",
      "from": "jodid25519@>=1.0.0 <2.0.0",
      "resolved": "https://registry.npmjs.org/jodid25519/-/jodid25519-1.0.2.tgz"
    },
    "js-base64": {
      "version": "2.1.9",
      "from": "js-base64@>=2.1.8 <2.2.0",
      "resolved": "https://registry.npmjs.org/js-base64/-/js-base64-2.1.9.tgz"
    },
    "js-yaml": {
      "version": "2.0.5",
      "from": "js-yaml@>=2.0.5 <2.1.0",
      "resolved": "https://registry.npmjs.org/js-yaml/-/js-yaml-2.0.5.tgz"
    },
    "jsbn": {
      "version": "0.1.0",
      "from": "jsbn@>=0.1.0 <0.2.0",
      "resolved": "https://registry.npmjs.org/jsbn/-/jsbn-0.1.0.tgz"
    },
    "json-schema": {
      "version": "0.2.2",
      "from": "json-schema@0.2.2",
      "resolved": "https://registry.npmjs.org/json-schema/-/json-schema-0.2.2.tgz"
    },
    "json-stringify-safe": {
      "version": "5.0.1",
      "from": "json-stringify-safe@>=5.0.1 <5.1.0",
      "resolved": "https://registry.npmjs.org/json-stringify-safe/-/json-stringify-safe-5.0.1.tgz"
    },
    "jsonpointer": {
      "version": "2.0.0",
      "from": "jsonpointer@2.0.0",
      "resolved": "https://registry.npmjs.org/jsonpointer/-/jsonpointer-2.0.0.tgz"
    },
    "jsprim": {
      "version": "1.2.2",
      "from": "jsprim@>=1.2.2 <2.0.0",
      "resolved": "https://registry.npmjs.org/jsprim/-/jsprim-1.2.2.tgz"
    },
    "less": {
      "version": "2.6.0",
      "from": "less@>=2.6.0 <2.7.0",
      "resolved": "https://registry.npmjs.org/less/-/less-2.6.0.tgz",
      "dependencies": {
        "graceful-fs": {
          "version": "3.0.8",
          "from": "graceful-fs@>=3.0.5 <4.0.0",
          "resolved": "https://registry.npmjs.org/graceful-fs/-/graceful-fs-3.0.8.tgz"
        }
      }
    },
    "lodash": {
      "version": "0.9.2",
      "from": "lodash@>=0.9.2 <0.10.0",
      "resolved": "https://registry.npmjs.org/lodash/-/lodash-0.9.2.tgz"
    },
    "lru-cache": {
      "version": "2.7.3",
      "from": "lru-cache@>=2.0.0 <3.0.0",
      "resolved": "https://registry.npmjs.org/lru-cache/-/lru-cache-2.7.3.tgz"
    },
    "mime": {
      "version": "1.3.4",
      "from": "mime@>=1.2.11 <2.0.0",
      "resolved": "https://registry.npmjs.org/mime/-/mime-1.3.4.tgz"
    },
    "mime-db": {
      "version": "1.22.0",
      "from": "mime-db@>=1.22.0 <1.23.0",
      "resolved": "https://registry.npmjs.org/mime-db/-/mime-db-1.22.0.tgz"
    },
    "mime-types": {
      "version": "2.1.10",
      "from": "mime-types@>=2.1.7 <2.2.0",
      "resolved": "https://registry.npmjs.org/mime-types/-/mime-types-2.1.10.tgz"
    },
    "minimatch": {
      "version": "0.2.14",
      "from": "minimatch@>=0.2.12 <0.3.0",
      "resolved": "https://registry.npmjs.org/minimatch/-/minimatch-0.2.14.tgz"
    },
    "minimist": {
      "version": "0.0.8",
      "from": "minimist@0.0.8",
      "resolved": "https://registry.npmjs.org/minimist/-/minimist-0.0.8.tgz"
    },
    "mkdirp": {
      "version": "0.5.1",
      "from": "mkdirp@>=0.5.0 <0.6.0",
      "resolved": "https://registry.npmjs.org/mkdirp/-/mkdirp-0.5.1.tgz"
    },
    "multimatch": {
      "version": "2.1.0",
      "from": "multimatch@>=2.0.0 <3.0.0",
      "resolved": "https://registry.npmjs.org/multimatch/-/multimatch-2.1.0.tgz",
      "dependencies": {
        "minimatch": {
          "version": "3.0.0",
          "from": "minimatch@>=3.0.0 <4.0.0",
          "resolved": "https://registry.npmjs.org/minimatch/-/minimatch-3.0.0.tgz"
        }
      }
    },
    "node-uuid": {
      "version": "1.4.7",
      "from": "node-uuid@>=1.4.7 <1.5.0",
      "resolved": "https://registry.npmjs.org/node-uuid/-/node-uuid-1.4.7.tgz"
    },
    "nopt": {
      "version": "1.0.10",
      "from": "nopt@>=1.0.10 <1.1.0",
      "resolved": "https://registry.npmjs.org/nopt/-/nopt-1.0.10.tgz"
    },
    "noptify": {
      "version": "0.0.3",
      "from": "noptify@>=0.0.3 <0.1.0",
      "resolved": "https://registry.npmjs.org/noptify/-/noptify-0.0.3.tgz",
      "dependencies": {
        "nopt": {
          "version": "2.0.0",
          "from": "nopt@>=2.0.0 <2.1.0",
          "resolved": "https://registry.npmjs.org/nopt/-/nopt-2.0.0.tgz"
        }
      }
    },
    "num2fraction": {
      "version": "1.2.2",
      "from": "num2fraction@>=1.1.0 <2.0.0",
      "resolved": "https://registry.npmjs.org/num2fraction/-/num2fraction-1.2.2.tgz"
    },
    "number-is-nan": {
      "version": "1.0.0",
      "from": "number-is-nan@>=1.0.0 <2.0.0",
      "resolved": "https://registry.npmjs.org/number-is-nan/-/number-is-nan-1.0.0.tgz"
    },
    "oauth-sign": {
      "version": "0.8.1",
      "from": "oauth-sign@>=0.8.0 <0.9.0",
      "resolved": "https://registry.npmjs.org/oauth-sign/-/oauth-sign-0.8.1.tgz"
    },
    "once": {
      "version": "1.3.3",
      "from": "once@>=1.3.0 <2.0.0",
      "resolved": "https://registry.npmjs.org/once/-/once-1.3.3.tgz"
    },
    "parse-ms": {
      "version": "1.0.1",
      "from": "parse-ms@>=1.0.0 <2.0.0",
      "resolved": "https://registry.npmjs.org/parse-ms/-/parse-ms-1.0.1.tgz"
    },
    "path-exists": {
      "version": "2.1.0",
      "from": "path-exists@>=2.0.0 <3.0.0",
      "resolved": "https://registry.npmjs.org/path-exists/-/path-exists-2.1.0.tgz"
    },
    "path-is-absolute": {
      "version": "1.0.0",
      "from": "path-is-absolute@>=1.0.0 <2.0.0",
      "resolved": "https://registry.npmjs.org/path-is-absolute/-/path-is-absolute-1.0.0.tgz"
    },
    "pinkie": {
      "version": "2.0.4",
      "from": "pinkie@>=2.0.0 <3.0.0",
      "resolved": "https://registry.npmjs.org/pinkie/-/pinkie-2.0.4.tgz"
    },
    "pinkie-promise": {
      "version": "2.0.0",
      "from": "pinkie-promise@>=2.0.0 <3.0.0",
      "resolved": "https://registry.npmjs.org/pinkie-promise/-/pinkie-promise-2.0.0.tgz"
    },
    "pkg-up": {
      "version": "1.0.0",
      "from": "pkg-up@>=1.0.0 <2.0.0",
      "resolved": "https://registry.npmjs.org/pkg-up/-/pkg-up-1.0.0.tgz"
    },
    "plur": {
      "version": "1.0.0",
      "from": "plur@>=1.0.0 <2.0.0",
      "resolved": "https://registry.npmjs.org/plur/-/plur-1.0.0.tgz"
    },
    "postcss": {
      "version": "4.1.16",
      "from": "postcss@>=4.1.11 <5.0.0",
      "resolved": "https://registry.npmjs.org/postcss/-/postcss-4.1.16.tgz"
    },
    "pretty-ms": {
      "version": "2.1.0",
      "from": "pretty-ms@>=2.1.0 <3.0.0",
      "resolved": "https://registry.npmjs.org/pretty-ms/-/pretty-ms-2.1.0.tgz"
    },
    "process-nextick-args": {
      "version": "1.0.6",
      "from": "process-nextick-args@>=1.0.6 <1.1.0",
      "resolved": "https://registry.npmjs.org/process-nextick-args/-/process-nextick-args-1.0.6.tgz"
    },
    "promise": {
      "version": "6.1.0",
      "from": "promise@>=6.0.1 <7.0.0",
      "resolved": "https://registry.npmjs.org/promise/-/promise-6.1.0.tgz"
    },
    "prr": {
      "version": "0.0.0",
      "from": "prr@>=0.0.0 <0.1.0",
      "resolved": "https://registry.npmjs.org/prr/-/prr-0.0.0.tgz"
    },
    "pseudomap": {
      "version": "1.0.2",
      "from": "pseudomap@>=1.0.1 <2.0.0",
      "resolved": "https://registry.npmjs.org/pseudomap/-/pseudomap-1.0.2.tgz"
    },
    "qs": {
      "version": "6.0.2",
      "from": "qs@>=6.0.2 <6.1.0",
      "resolved": "https://registry.npmjs.org/qs/-/qs-6.0.2.tgz"
    },
    "readable-stream": {
      "version": "2.0.5",
      "from": "readable-stream@>=2.0.5 <2.1.0",
      "resolved": "https://registry.npmjs.org/readable-stream/-/readable-stream-2.0.5.tgz"
    },
    "request": {
      "version": "2.69.0",
      "from": "request@>=2.51.0 <3.0.0",
      "resolved": "https://registry.npmjs.org/request/-/request-2.69.0.tgz"
    },
    "resolve": {
      "version": "0.3.1",
      "from": "resolve@>=0.3.1 <0.4.0",
      "resolved": "https://registry.npmjs.org/resolve/-/resolve-0.3.1.tgz"
    },
    "resolve-from": {
      "version": "2.0.0",
      "from": "resolve-from@>=2.0.0 <3.0.0",
      "resolved": "https://registry.npmjs.org/resolve-from/-/resolve-from-2.0.0.tgz"
    },
    "resolve-pkg": {
      "version": "0.1.0",
      "from": "resolve-pkg@>=0.1.0 <0.2.0",
      "resolved": "https://registry.npmjs.org/resolve-pkg/-/resolve-pkg-0.1.0.tgz"
    },
    "rimraf": {
      "version": "2.2.8",
      "from": "rimraf@>=2.2.8 <2.3.0",
      "resolved": "https://registry.npmjs.org/rimraf/-/rimraf-2.2.8.tgz"
    },
    "sigmund": {
      "version": "1.0.1",
      "from": "sigmund@>=1.0.0 <1.1.0",
      "resolved": "https://registry.npmjs.org/sigmund/-/sigmund-1.0.1.tgz"
    },
    "sntp": {
      "version": "1.0.9",
      "from": "sntp@>=1.0.0 <2.0.0",
      "resolved": "https://registry.npmjs.org/sntp/-/sntp-1.0.9.tgz"
    },
    "source-map": {
      "version": "0.4.4",
      "from": "source-map@>=0.4.2 <0.5.0",
      "resolved": "https://registry.npmjs.org/source-map/-/source-map-0.4.4.tgz"
    },
    "sshpk": {
      "version": "1.7.4",
      "from": "sshpk@>=1.7.0 <2.0.0",
      "resolved": "https://registry.npmjs.org/sshpk/-/sshpk-1.7.4.tgz"
    },
    "string_decoder": {
      "version": "0.10.31",
      "from": "string_decoder@>=0.10.0 <0.11.0",
      "resolved": "https://registry.npmjs.org/string_decoder/-/string_decoder-0.10.31.tgz"
    },
    "stringstream": {
      "version": "0.0.5",
      "from": "stringstream@>=0.0.4 <0.1.0",
      "resolved": "https://registry.npmjs.org/stringstream/-/stringstream-0.0.5.tgz"
    },
    "strip-ansi": {
      "version": "2.0.1",
      "from": "strip-ansi@>=2.0.1 <3.0.0",
      "resolved": "https://registry.npmjs.org/strip-ansi/-/strip-ansi-2.0.1.tgz"
    },
    "supports-color": {
      "version": "1.3.1",
      "from": "supports-color@>=1.3.0 <2.0.0",
      "resolved": "https://registry.npmjs.org/supports-color/-/supports-color-1.3.1.tgz"
    },
    "text-table": {
      "version": "0.2.0",
      "from": "text-table@>=0.2.0 <0.3.0",
      "resolved": "https://registry.npmjs.org/text-table/-/text-table-0.2.0.tgz"
    },
    "tiny-lr-fork": {
      "version": "0.0.5",
      "from": "tiny-lr-fork@0.0.5",
      "resolved": "https://registry.npmjs.org/tiny-lr-fork/-/tiny-lr-fork-0.0.5.tgz",
      "dependencies": {
        "qs": {
          "version": "0.5.6",
          "from": "qs@>=0.5.2 <0.6.0",
          "resolved": "https://registry.npmjs.org/qs/-/qs-0.5.6.tgz"
        }
      }
    },
    "tough-cookie": {
      "version": "2.2.1",
      "from": "tough-cookie@>=2.2.0 <2.3.0",
      "resolved": "https://registry.npmjs.org/tough-cookie/-/tough-cookie-2.2.1.tgz"
    },
    "tunnel-agent": {
      "version": "0.4.2",
      "from": "tunnel-agent@>=0.4.1 <0.5.0",
      "resolved": "https://registry.npmjs.org/tunnel-agent/-/tunnel-agent-0.4.2.tgz"
    },
    "tweetnacl": {
      "version": "0.14.1",
      "from": "tweetnacl@>=0.13.0 <1.0.0",
      "resolved": "https://registry.npmjs.org/tweetnacl/-/tweetnacl-0.14.1.tgz"
    },
    "underscore": {
      "version": "1.7.0",
      "from": "underscore@>=1.7.0 <1.8.0",
      "resolved": "https://registry.npmjs.org/underscore/-/underscore-1.7.0.tgz"
    },
    "underscore.string": {
      "version": "2.2.1",
      "from": "underscore.string@>=2.2.1 <2.3.0",
      "resolved": "https://registry.npmjs.org/underscore.string/-/underscore.string-2.2.1.tgz"
    },
    "util-deprecate": {
      "version": "1.0.2",
      "from": "util-deprecate@>=1.0.1 <1.1.0",
      "resolved": "https://registry.npmjs.org/util-deprecate/-/util-deprecate-1.0.2.tgz"
    },
    "verror": {
      "version": "1.3.6",
      "from": "verror@1.3.6",
      "resolved": "https://registry.npmjs.org/verror/-/verror-1.3.6.tgz"
    },
    "which": {
      "version": "1.0.9",
      "from": "which@>=1.0.5 <1.1.0",
      "resolved": "https://registry.npmjs.org/which/-/which-1.0.9.tgz"
    },
    "wrappy": {
      "version": "1.0.1",
      "from": "wrappy@>=1.0.0 <2.0.0",
      "resolved": "https://registry.npmjs.org/wrappy/-/wrappy-1.0.1.tgz"
    },
    "xtend": {
      "version": "4.0.1",
      "from": "xtend@>=4.0.0 <5.0.0",
      "resolved": "https://registry.npmjs.org/xtend/-/xtend-4.0.1.tgz"
    },
    "yallist": {
      "version": "2.0.0",
      "from": "yallist@>=2.0.0 <3.0.0",
      "resolved": "https://registry.npmjs.org/yallist/-/yallist-2.0.0.tgz"
    }
  }
}
