{
  "name": "blueocean-pipeline-editor",
  "version": "0.0.1",
  "dependencies": {
    "@jenkins-cd/blueocean-core-js": {
      "version": "0.0.152",
      "from": "@jenkins-cd/blueocean-core-js@0.0.152",
      "resolved": "https://registry.npmjs.org/@jenkins-cd/blueocean-core-js/-/blueocean-core-js-0.0.152.tgz",
      "dependencies": {
        "@jenkins-cd/js-extensions": {
          "version": "0.0.37",
          "from": "@jenkins-cd/js-extensions@0.0.37",
          "resolved": "https://registry.npmjs.org/@jenkins-cd/js-extensions/-/js-extensions-0.0.37.tgz"
        },
        "@jenkins-cd/js-modules": {
          "version": "0.0.10",
          "from": "@jenkins-cd/js-modules@0.0.10",
          "resolved": "https://registry.npmjs.org/@jenkins-cd/js-modules/-/js-modules-0.0.10.tgz"
        }
      }
    },
    "@jenkins-cd/design-language": {
      "version": "0.0.146",
      "from": "@jenkins-cd/design-language@0.0.146",
      "resolved": "https://registry.npmjs.org/@jenkins-cd/design-language/-/design-language-0.0.146.tgz"
    },
    "@jenkins-cd/js-modules": {
      "version": "0.0.8",
      "from": "@jenkins-cd/js-modules@0.0.8",
      "resolved": "https://registry.npmjs.org/@jenkins-cd/js-modules/-/js-modules-0.0.8.tgz"
    },
    "@jenkins-cd/logging": {
      "version": "0.0.6",
      "from": "@jenkins-cd/logging@0.0.6",
      "resolved": "https://registry.npmjs.org/@jenkins-cd/logging/-/logging-0.0.6.tgz"
    },
    "@jenkins-cd/sse-gateway": {
      "version": "0.0.21",
      "from": "@jenkins-cd/sse-gateway@0.0.21",
      "resolved": "https://registry.npmjs.org/@jenkins-cd/sse-gateway/-/sse-gateway-0.0.21.tgz"
    },
    "@jenkins-cd/storage": {
      "version": "0.0.6",
      "from": "@jenkins-cd/storage@0.0.6",
      "resolved": "https://registry.npmjs.org/@jenkins-cd/storage/-/storage-0.0.6.tgz"
    },
    "amdefine": {
      "version": "1.0.1",
      "from": "amdefine@>=0.0.4",
      "resolved": "https://registry.npmjs.org/amdefine/-/amdefine-1.0.1.tgz"
    },
    "argparse": {
      "version": "1.0.9",
      "from": "argparse@^1.0.7",
      "resolved": "https://registry.npmjs.org/argparse/-/argparse-1.0.9.tgz"
    },
    "asap": {
      "version": "2.0.6",
      "from": "asap@>=2.0.3 <2.1.0",
      "resolved": "https://registry.npmjs.org/asap/-/asap-2.0.6.tgz"
    },
    "asn1.js": {
      "version": "1.0.3",
      "from": "asn1.js@1.0.3",
      "resolved": "https://registry.npmjs.org/asn1.js/-/asn1.js-1.0.3.tgz"
    },
    "ast-types": {
      "version": "0.9.6",
      "from": "ast-types@0.9.6",
      "resolved": "https://registry.npmjs.org/ast-types/-/ast-types-0.9.6.tgz"
    },
    "autolinker": {
      "version": "0.15.3",
      "from": "autolinker@>=0.15.0 <0.16.0",
      "resolved": "https://registry.npmjs.org/autolinker/-/autolinker-0.15.3.tgz"
    },
    "balanced-match": {
      "version": "1.0.0",
      "from": "balanced-match@^1.0.0",
      "resolved": "https://registry.npmjs.org/balanced-match/-/balanced-match-1.0.0.tgz"
    },
    "base62": {
      "version": "1.2.0",
      "from": "base62@^1.1.0",
      "resolved": "https://registry.npmjs.org/base62/-/base62-1.2.0.tgz"
    },
    "base64url": {
      "version": "2.0.0",
      "from": "base64url@>=2.0.0 <3.0.0",
      "resolved": "https://registry.npmjs.org/base64url/-/base64url-2.0.0.tgz"
    },
    "bn.js": {
      "version": "1.3.0",
      "from": "bn.js@>=1.0.0 <2.0.0",
      "resolved": "https://registry.npmjs.org/bn.js/-/bn.js-1.3.0.tgz",
      "optional": true
    },
    "brace-expansion": {
      "version": "1.1.8",
      "from": "brace-expansion@^1.1.7",
      "resolved": "https://registry.npmjs.org/brace-expansion/-/brace-expansion-1.1.8.tgz"
    },
    "buffer-equal-constant-time": {
      "version": "1.0.1",
      "from": "buffer-equal-constant-time@1.0.1",
      "resolved": "https://registry.npmjs.org/buffer-equal-constant-time/-/buffer-equal-constant-time-1.0.1.tgz"
    },
    "commoner": {
      "version": "0.10.8",
      "from": "commoner@^0.10.1",
      "resolved": "https://registry.npmjs.org/commoner/-/commoner-0.10.8.tgz",
      "dependencies": {
        "commander": {
          "version": "2.11.0",
          "from": "commander@^2.5.0",
          "resolved": "https://registry.npmjs.org/commander/-/commander-2.11.0.tgz"
        },
        "glob": {
          "version": "5.0.15",
          "from": "glob@^5.0.15",
          "resolved": "https://registry.npmjs.org/glob/-/glob-5.0.15.tgz"
        }
      }
    },
    "concat-map": {
      "version": "0.0.1",
      "from": "concat-map@0.0.1",
      "resolved": "https://registry.npmjs.org/concat-map/-/concat-map-0.0.1.tgz"
    },
    "core-js": {
      "version": "1.2.7",
      "from": "core-js@>=1.0.0 <2.0.0",
      "resolved": "https://registry.npmjs.org/core-js/-/core-js-1.2.7.tgz"
    },
    "deep-equal": {
      "version": "1.0.1",
      "from": "deep-equal@>=1.0.0 <2.0.0",
      "resolved": "https://registry.npmjs.org/deep-equal/-/deep-equal-1.0.1.tgz"
    },
    "defined": {
      "version": "1.0.0",
      "from": "defined@^1.0.0",
      "resolved": "https://registry.npmjs.org/defined/-/defined-1.0.0.tgz"
    },
    "detective": {
      "version": "4.5.0",
      "from": "detective@^4.0.0",
      "resolved": "https://registry.npmjs.org/detective/-/detective-4.5.0.tgz",
      "dependencies": {
        "acorn": {
          "version": "4.0.13",
          "from": "acorn@^4.0.3",
          "resolved": "https://registry.npmjs.org/acorn/-/acorn-4.0.13.tgz"
        }
      }
    },
    "ecdsa-sig-formatter": {
      "version": "1.0.9",
      "from": "ecdsa-sig-formatter@1.0.9",
      "resolved": "https://registry.npmjs.org/ecdsa-sig-formatter/-/ecdsa-sig-formatter-1.0.9.tgz"
    },
    "encoding": {
      "version": "0.1.12",
      "from": "encoding@>=0.1.11 <0.2.0",
      "resolved": "https://registry.npmjs.org/encoding/-/encoding-0.1.12.tgz"
    },
    "envify": {
      "version": "3.4.1",
      "from": "envify@3.4.1",
      "resolved": "https://registry.npmjs.org/envify/-/envify-3.4.1.tgz"
    },
    "es6-promise": {
      "version": "4.0.5",
      "from": "es6-promise@4.0.5",
      "resolved": "https://registry.npmjs.org/es6-promise/-/es6-promise-4.0.5.tgz"
    },
    "fbjs": {
      "version": "0.8.14",
      "from": "fbjs@>=0.8.4 <0.9.0",
      "resolved": "https://registry.npmjs.org/fbjs/-/fbjs-0.8.14.tgz"
    },
    "graceful-fs": {
      "version": "4.1.11",
      "from": "graceful-fs@^4.1.2",
      "resolved": "https://registry.npmjs.org/graceful-fs/-/graceful-fs-4.1.11.tgz"
    },
    "history": {
      "version": "2.1.2",
      "from": "history@>=2.0.1 <3.0.0",
      "resolved": "https://registry.npmjs.org/history/-/history-2.1.2.tgz"
    },
    "hoek": {
      "version": "2.16.3",
      "from": "hoek@>=2.0.0 <3.0.0",
      "resolved": "https://registry.npmjs.org/hoek/-/hoek-2.16.3.tgz"
    },
    "hoist-non-react-statics": {
      "version": "1.2.0",
      "from": "hoist-non-react-statics@>=1.2.0 <2.0.0",
      "resolved": "https://registry.npmjs.org/hoist-non-react-statics/-/hoist-non-react-statics-1.2.0.tgz"
    },
    "i18next": {
      "version": "3.5.2",
      "from": "i18next@3.5.2",
      "resolved": "https://registry.npmjs.org/i18next/-/i18next-3.5.2.tgz"
    },
    "i18next-browser-languagedetector": {
      "version": "1.0.0",
      "from": "i18next-browser-languagedetector@1.0.0",
      "resolved": "https://registry.npmjs.org/i18next-browser-languagedetector/-/i18next-browser-languagedetector-1.0.0.tgz"
    },
    "i18next-xhr-backend": {
      "version": "1.2.0",
      "from": "i18next-xhr-backend@1.2.0",
      "resolved": "https://registry.npmjs.org/i18next-xhr-backend/-/i18next-xhr-backend-1.2.0.tgz"
    },
    "iconv-lite": {
      "version": "0.4.18",
      "from": "iconv-lite@>=0.4.13 <0.5.0",
      "resolved": "https://registry.npmjs.org/iconv-lite/-/iconv-lite-0.4.18.tgz"
    },
    "inflight": {
      "version": "1.0.6",
      "from": "inflight@^1.0.4",
      "resolved": "https://registry.npmjs.org/inflight/-/inflight-1.0.6.tgz"
    },
    "inherits": {
      "version": "2.0.3",
      "from": "inherits@>=2.0.0 <3.0.0",
      "resolved": "https://registry.npmjs.org/inherits/-/inherits-2.0.3.tgz"
    },
    "invariant": {
      "version": "2.2.2",
      "from": "invariant@>=2.2.1 <3.0.0",
      "resolved": "https://registry.npmjs.org/invariant/-/invariant-2.2.2.tgz"
    },
    "is-stream": {
      "version": "1.1.0",
      "from": "is-stream@>=1.0.1 <2.0.0",
      "resolved": "https://registry.npmjs.org/is-stream/-/is-stream-1.1.0.tgz"
    },
    "isemail": {
      "version": "1.2.0",
      "from": "isemail@>=1.0.0 <2.0.0",
      "resolved": "https://registry.npmjs.org/isemail/-/isemail-1.2.0.tgz"
    },
    "isomorphic-fetch": {
      "version": "2.2.1",
      "from": "isomorphic-fetch@2.2.1",
      "resolved": "https://registry.npmjs.org/isomorphic-fetch/-/isomorphic-fetch-2.2.1.tgz"
    },
    "joi": {
      "version": "6.10.1",
      "from": "joi@>=6.10.1 <7.0.0",
      "resolved": "https://registry.npmjs.org/joi/-/joi-6.10.1.tgz"
    },
    "js-tokens": {
      "version": "3.0.2",
      "from": "js-tokens@>=3.0.0 <4.0.0",
      "resolved": "https://registry.npmjs.org/js-tokens/-/js-tokens-3.0.2.tgz"
    },
    "js-yaml": {
      "version": "3.9.1",
      "from": "js-yaml@^3.5.1",
      "resolved": "https://registry.npmjs.org/js-yaml/-/js-yaml-3.9.1.tgz",
      "dependencies": {
        "esprima": {
          "version": "4.0.0",
          "from": "esprima@>=4.0.0 <5.0.0",
          "resolved": "https://registry.npmjs.org/esprima/-/esprima-4.0.0.tgz"
        }
      }
    },
    "jsonwebtoken": {
      "version": "7.1.9",
      "from": "jsonwebtoken@7.1.9",
      "resolved": "https://registry.npmjs.org/jsonwebtoken/-/jsonwebtoken-7.1.9.tgz"
    },
    "jstransform": {
      "version": "11.0.3",
      "from": "jstransform@^11.0.3",
      "resolved": "https://registry.npmjs.org/jstransform/-/jstransform-11.0.3.tgz",
      "dependencies": {
        "esprima-fb": {
          "version": "15001.1.0-dev-harmony-fb",
          "from": "esprima-fb@^15001.1.0-dev-harmony-fb",
          "resolved": "https://registry.npmjs.org/esprima-fb/-/esprima-fb-15001.1.0-dev-harmony-fb.tgz"
        },
        "object-assign": {
          "version": "2.1.1",
          "from": "object-assign@>=2.0.0 <3.0.0",
          "resolved": "https://registry.npmjs.org/object-assign/-/object-assign-2.1.1.tgz"
        },
        "source-map": {
          "version": "0.4.4",
          "from": "source-map@^0.4.2",
          "resolved": "https://registry.npmjs.org/source-map/-/source-map-0.4.4.tgz"
        }
      }
    },
    "jwa": {
      "version": "1.1.5",
      "from": "jwa@>=1.1.4 <2.0.0",
      "resolved": "https://registry.npmjs.org/jwa/-/jwa-1.1.5.tgz"
    },
    "jws": {
      "version": "3.1.4",
      "from": "jws@>=3.1.3 <4.0.0",
      "resolved": "https://registry.npmjs.org/jws/-/jws-3.1.4.tgz"
    },
    "localstorage-memory": {
      "version": "1.0.2",
      "from": "localstorage-memory@>=1.0.2 <2.0.0",
      "resolved": "https://registry.npmjs.org/localstorage-memory/-/localstorage-memory-1.0.2.tgz"
    },
    "lodash.debounce": {
      "version": "4.0.8",
      "from": "lodash.debounce@4.0.8",
      "resolved": "https://registry.npmjs.org/lodash.debounce/-/lodash.debounce-4.0.8.tgz"
    },
    "lodash.once": {
      "version": "4.1.1",
      "from": "lodash.once@>=4.0.0 <5.0.0",
      "resolved": "https://registry.npmjs.org/lodash.once/-/lodash.once-4.1.1.tgz"
    },
    "loose-envify": {
      "version": "1.3.1",
      "from": "loose-envify@>=1.1.0 <2.0.0",
      "resolved": "https://registry.npmjs.org/loose-envify/-/loose-envify-1.3.1.tgz"
    },
    "minimalistic-assert": {
      "version": "1.0.0",
      "from": "minimalistic-assert@>=1.0.0 <2.0.0",
      "resolved": "https://registry.npmjs.org/minimalistic-assert/-/minimalistic-assert-1.0.0.tgz"
    },
    "minimatch": {
      "version": "3.0.4",
      "from": "minimatch@^3.0.2",
      "resolved": "https://registry.npmjs.org/minimatch/-/minimatch-3.0.4.tgz"
    },
    "minimist": {
      "version": "0.0.8",
      "from": "minimist@0.0.8",
      "resolved": "https://registry.npmjs.org/minimist/-/minimist-0.0.8.tgz"
    },
    "mkdirp": {
      "version": "0.5.1",
      "from": "mkdirp@^0.5.1",
      "resolved": "https://registry.npmjs.org/mkdirp/-/mkdirp-0.5.1.tgz"
    },
    "mobx": {
      "version": "2.6.0",
      "from": "mobx@2.6.0",
      "resolved": "https://registry.npmjs.org/mobx/-/mobx-2.6.0.tgz"
    },
    "mobx-react": {
      "version": "3.5.7",
      "from": "mobx-react@3.5.7",
      "resolved": "https://registry.npmjs.org/mobx-react/-/mobx-react-3.5.7.tgz"
    },
    "mobx-utils": {
      "version": "1.1.2",
      "from": "mobx-utils@1.1.2",
      "resolved": "https://registry.npmjs.org/mobx-utils/-/mobx-utils-1.1.2.tgz"
    },
    "moment": {
      "version": "2.15.1",
      "from": "moment@2.15.1",
      "resolved": "https://registry.npmjs.org/moment/-/moment-2.15.1.tgz"
    },
    "moment-duration-format": {
      "version": "1.3.0",
      "from": "moment-duration-format@1.3.0",
      "resolved": "https://registry.npmjs.org/moment-duration-format/-/moment-duration-format-1.3.0.tgz"
    },
    "ms": {
      "version": "0.7.3",
      "from": "ms@>=0.7.1 <0.8.0",
      "resolved": "https://registry.npmjs.org/ms/-/ms-0.7.3.tgz"
    },
    "node-fetch": {
      "version": "1.7.2",
      "from": "node-fetch@>=1.0.1 <2.0.0",
      "resolved": "https://registry.npmjs.org/node-fetch/-/node-fetch-1.7.2.tgz"
    },
    "object-assign": {
      "version": "4.1.1",
      "from": "object-assign@>=4.1.0 <5.0.0",
      "resolved": "https://registry.npmjs.org/object-assign/-/object-assign-4.1.1.tgz"
    },
    "once": {
      "version": "1.4.0",
      "from": "once@^1.3.0",
      "resolved": "https://registry.npmjs.org/once/-/once-1.4.0.tgz"
    },
    "path-is-absolute": {
      "version": "1.0.1",
      "from": "path-is-absolute@^1.0.0",
      "resolved": "https://registry.npmjs.org/path-is-absolute/-/path-is-absolute-1.0.1.tgz"
    },
    "pem-jwk": {
      "version": "1.5.1",
      "from": "pem-jwk@1.5.1",
      "resolved": "https://registry.npmjs.org/pem-jwk/-/pem-jwk-1.5.1.tgz"
    },
    "private": {
      "version": "0.1.7",
      "from": "private@^0.1.6",
      "resolved": "https://registry.npmjs.org/private/-/private-0.1.7.tgz"
    },
    "promise": {
      "version": "7.3.1",
      "from": "promise@>=7.1.1 <8.0.0",
      "resolved": "https://registry.npmjs.org/promise/-/promise-7.3.1.tgz"
    },
    "q": {
      "version": "1.5.0",
      "from": "q@^1.1.2",
      "resolved": "https://registry.npmjs.org/q/-/q-1.5.0.tgz"
    },
    "query-string": {
      "version": "3.0.3",
      "from": "query-string@>=3.0.0 <4.0.0",
      "resolved": "https://registry.npmjs.org/query-string/-/query-string-3.0.3.tgz"
    },
    "react": {
      "version": "15.3.2",
      "from": "react@15.3.2",
      "resolved": "https://registry.npmjs.org/react/-/react-15.3.2.tgz"
    },
    "react-addons-css-transition-group": {
      "version": "15.3.2",
      "from": "react-addons-css-transition-group@15.3.2",
      "resolved": "https://registry.npmjs.org/react-addons-css-transition-group/-/react-addons-css-transition-group-15.3.2.tgz"
    },
    "react-dom": {
      "version": "15.3.2",
      "from": "react-dom@15.3.2",
      "resolved": "https://registry.npmjs.org/react-dom/-/react-dom-15.3.2.tgz"
    },
    "react-remarkable": {
      "version": "1.1.1",
      "from": "react-remarkable@1.1.1",
      "resolved": "https://registry.npmjs.org/react-remarkable/-/react-remarkable-1.1.1.tgz"
    },
    "react-router": {
      "version": "2.3.0",
      "from": "react-router@2.3.0",
      "resolved": "https://registry.npmjs.org/react-router/-/react-router-2.3.0.tgz"
    },
    "recast": {
      "version": "0.11.23",
      "from": "recast@^0.11.17",
      "resolved": "https://registry.npmjs.org/recast/-/recast-0.11.23.tgz",
      "dependencies": {
        "esprima": {
          "version": "3.1.3",
          "from": "esprima@~3.1.0",
          "resolved": "https://registry.npmjs.org/esprima/-/esprima-3.1.3.tgz"
        }
      }
    },
    "remarkable": {
      "version": "1.7.1",
      "from": "remarkable@>=1.4.1 <2.0.0",
      "resolved": "https://registry.npmjs.org/remarkable/-/remarkable-1.7.1.tgz",
      "dependencies": {
        "argparse": {
          "version": "0.1.16",
          "from": "argparse@>=0.1.15 <0.2.0",
          "resolved": "https://registry.npmjs.org/argparse/-/argparse-0.1.16.tgz"
        }
      }
    },
    "safe-buffer": {
      "version": "5.1.1",
      "from": "safe-buffer@>=5.0.1 <6.0.0",
      "resolved": "https://registry.npmjs.org/safe-buffer/-/safe-buffer-5.1.1.tgz"
    },
    "setimmediate": {
      "version": "1.0.5",
      "from": "setimmediate@>=1.0.5 <2.0.0",
      "resolved": "https://registry.npmjs.org/setimmediate/-/setimmediate-1.0.5.tgz"
    },
    "source-map": {
      "version": "0.5.7",
      "from": "source-map@>=0.5.0 <0.6.0",
      "resolved": "https://registry.npmjs.org/source-map/-/source-map-0.5.7.tgz"
    },
    "sprintf-js": {
      "version": "1.0.3",
      "from": "sprintf-js@~1.0.2",
      "resolved": "https://registry.npmjs.org/sprintf-js/-/sprintf-js-1.0.3.tgz"
    },
    "strict-uri-encode": {
      "version": "1.1.0",
      "from": "strict-uri-encode@>=1.0.0 <2.0.0",
      "resolved": "https://registry.npmjs.org/strict-uri-encode/-/strict-uri-encode-1.1.0.tgz"
    },
    "through": {
      "version": "2.3.8",
      "from": "through@>=2.2.7 <3",
      "resolved": "https://registry.npmjs.org/through/-/through-2.3.8.tgz"
    },
    "topo": {
      "version": "1.1.0",
      "from": "topo@>=1.0.0 <2.0.0",
      "resolved": "https://registry.npmjs.org/topo/-/topo-1.1.0.tgz"
    },
    "ua-parser-js": {
      "version": "0.7.14",
      "from": "ua-parser-js@>=0.7.9 <0.8.0",
      "resolved": "https://registry.npmjs.org/ua-parser-js/-/ua-parser-js-0.7.14.tgz"
    },
    "underscore": {
      "version": "1.7.0",
      "from": "underscore@>=1.7.0 <1.8.0",
      "resolved": "https://registry.npmjs.org/underscore/-/underscore-1.7.0.tgz"
    },
    "underscore.string": {
      "version": "2.4.0",
      "from": "underscore.string@>=2.4.0 <2.5.0",
      "resolved": "https://registry.npmjs.org/underscore.string/-/underscore.string-2.4.0.tgz"
    },
    "warning": {
      "version": "2.1.0",
      "from": "warning@>=2.1.0 <3.0.0",
      "resolved": "https://registry.npmjs.org/warning/-/warning-2.1.0.tgz"
    },
    "whatwg-fetch": {
      "version": "2.0.3",
      "from": "whatwg-fetch@>=0.10.0",
      "resolved": "https://registry.npmjs.org/whatwg-fetch/-/whatwg-fetch-2.0.3.tgz"
    },
    "wrappy": {
      "version": "1.0.2",
      "from": "wrappy@1",
      "resolved": "https://registry.npmjs.org/wrappy/-/wrappy-1.0.2.tgz"
    },
    "xtend": {
      "version": "4.0.1",
      "from": "xtend@>=4.0.1 <5.0.0",
      "resolved": "https://registry.npmjs.org/xtend/-/xtend-4.0.1.tgz"
    }
  }
}
